
Microsoft Visual Studio Solution File, Format Version 12.00
# Visual Studio Version 17
VisualStudioVersion = 17.13.35913.81
MinimumVisualStudioVersion = 10.0.40219.1
Project("{FAE04EC0-301F-11D3-BF4B-00C04F79EFBC}") = "GerenciadorPedido.Data", "src\Data\GerenciadorPedido.Data.csproj", "{1576ED2F-B6B2-43A1-92EB-492DFF1BFB20}"
	ProjectSection(ProjectDependencies) = postProject
		{919479D7-237D-44F7-A591-1FA08198A1DC} = {919479D7-237D-44F7-A591-1FA08198A1DC}
	EndProjectSection
EndProject
Project("{FAE04EC0-301F-11D3-BF4B-00C04F79EFBC}") = "GerenciadorPedido.Domain", "src\Domain\GerenciadorPedido.Domain.csproj", "{919479D7-237D-44F7-A591-1FA08198A1DC}"
EndProject
Project("{FAE04EC0-301F-11D3-BF4B-00C04F79EFBC}") = "GerenciadorPedido.Api", "src\Api\GerenciadorPedido.Api.csproj", "{536F4493-CB4D-4187-B77E-87D476CB3748}"
	ProjectSection(ProjectDependencies) = postProject
		{919479D7-237D-44F7-A591-1FA08198A1DC} = {919479D7-237D-44F7-A591-1FA08198A1DC}
	EndProjectSection
EndProject
Project("{FAE04EC0-301F-11D3-BF4B-00C04F79EFBC}") = "GerenciadorPedido.Tests", "src\GerenciadorPedido.Tests\GerenciadorPedido.Tests.csproj", "{5D85723B-901F-44B3-87B4-6718C96060D5}"
EndProject
Global
	GlobalSection(SolutionConfigurationPlatforms) = preSolution
		Debug|Any CPU = Debug|Any CPU
		Release|Any CPU = Release|Any CPU
	EndGlobalSection
	GlobalSection(ProjectConfigurationPlatforms) = postSolution
		{1576ED2F-B6B2-43A1-92EB-492DFF1BFB20}.Debug|Any CPU.ActiveCfg = Debug|Any CPU
		{1576ED2F-B6B2-43A1-92EB-492DFF1BFB20}.Debug|Any CPU.Build.0 = Debug|Any CPU
		{1576ED2F-B6B2-43A1-92EB-492DFF1BFB20}.Release|Any CPU.ActiveCfg = Release|Any CPU
		{1576ED2F-B6B2-43A1-92EB-492DFF1BFB20}.Release|Any CPU.Build.0 = Release|Any CPU
		{919479D7-237D-44F7-A591-1FA08198A1DC}.Debug|Any CPU.ActiveCfg = Debug|Any CPU
		{919479D7-237D-44F7-A591-1FA08198A1DC}.Debug|Any CPU.Build.0 = Debug|Any CPU
		{919479D7-237D-44F7-A591-1FA08198A1DC}.Release|Any CPU.ActiveCfg = Release|Any CPU
		{919479D7-237D-44F7-A591-1FA08198A1DC}.Release|Any CPU.Build.0 = Release|Any CPU
		{536F4493-CB4D-4187-B77E-87D476CB3748}.Debug|Any CPU.ActiveCfg = Debug|Any CPU
		{536F4493-CB4D-4187-B77E-87D476CB3748}.Debug|Any CPU.Build.0 = Debug|Any CPU
		{536F4493-CB4D-4187-B77E-87D476CB3748}.Release|Any CPU.ActiveCfg = Release|Any CPU
		{536F4493-CB4D-4187-B77E-87D476CB3748}.Release|Any CPU.Build.0 = Release|Any CPU
		{5D85723B-901F-44B3-87B4-6718C96060D5}.Debug|Any CPU.ActiveCfg = Debug|Any CPU
		{5D85723B-901F-44B3-87B4-6718C96060D5}.Debug|Any CPU.Build.0 = Debug|Any CPU
		{5D85723B-901F-44B3-87B4-6718C96060D5}.Release|Any CPU.ActiveCfg = Release|Any CPU
		{5D85723B-901F-44B3-87B4-6718C96060D5}.Release|Any CPU.Build.0 = Release|Any CPU
	EndGlobalSection
	GlobalSection(SolutionProperties) = preSolution
		HideSolutionNode = FALSE
	EndGlobalSection
	GlobalSection(ExtensibilityGlobals) = postSolution
		SolutionGuid = {C8F544C2-FB9C-4286-AC64-18C388602911}
	EndGlobalSection
EndGlobal
